Microsoft Visual Studio Solution File, Format Version 11.00
# Visual Studio 2008

Project("{89A5FC3B-6430-0535-DC4D-F1A40F1F9B7D}") = "fps_tutorial", "Assembly-CSharp-firstpass.csproj", "{32EFEFBB-1049-6FB6-1755-94CDF79CD867}"
EndProject
Project("{89A5FC3B-6430-0535-DC4D-F1A40F1F9B7D}") = "fps_tutorial", "Assembly-CSharp.csproj", "{5F0AEAB4-3279-6A27-E8FE-2394688164C4}"
EndProject
Project("{89A5FC3B-6430-0535-DC4D-F1A40F1F9B7D}") = "fps_tutorial", "Assembly-UnityScript-firstpass.unityproj", "{16933A9E-E3D5-90A2-F764-5D2D0437D2F6}"
EndProject
Project("{89A5FC3B-6430-0535-DC4D-F1A40F1F9B7D}") = "fps_tutorial", "Assembly-UnityScript.unityproj", "{13AF5231-98CD-54D7-1CD0-1ACFF85F9EA8}"
EndProject
Global
	GlobalSection(SolutionConfigurationPlatforms) = preSolution
		Debug|Any CPU = Debug|Any CPU
		Release|Any CPU = Release|Any CPU
	EndGlobalSection
	GlobalSection(ProjectConfigurationPlatforms) = postSolution
		{32EFEFBB-1049-6FB6-1755-94CDF79CD867}.Debug|Any CPU.ActiveCfg = Debug|Any CPU
		{32EFEFBB-1049-6FB6-1755-94CDF79CD867}.Debug|Any CPU.Build.0 = Debug|Any CPU
		{32EFEFBB-1049-6FB6-1755-94CDF79CD867}.Release|Any CPU.ActiveCfg = Release|Any CPU
		{32EFEFBB-1049-6FB6-1755-94CDF79CD867}.Release|Any CPU.Build.0 = Release|Any CPU
		{5F0AEAB4-3279-6A27-E8FE-2394688164C4}.Debug|Any CPU.ActiveCfg = Debug|Any CPU
		{5F0AEAB4-3279-6A27-E8FE-2394688164C4}.Debug|Any CPU.Build.0 = Debug|Any CPU
		{5F0AEAB4-3279-6A27-E8FE-2394688164C4}.Release|Any CPU.ActiveCfg = Release|Any CPU
		{5F0AEAB4-3279-6A27-E8FE-2394688164C4}.Release|Any CPU.Build.0 = Release|Any CPU
		{16933A9E-E3D5-90A2-F764-5D2D0437D2F6}.Debug|Any CPU.ActiveCfg = Debug|Any CPU
		{16933A9E-E3D5-90A2-F764-5D2D0437D2F6}.Debug|Any CPU.Build.0 = Debug|Any CPU
		{16933A9E-E3D5-90A2-F764-5D2D0437D2F6}.Release|Any CPU.ActiveCfg = Release|Any CPU
		{16933A9E-E3D5-90A2-F764-5D2D0437D2F6}.Release|Any CPU.Build.0 = Release|Any CPU
		{13AF5231-98CD-54D7-1CD0-1ACFF85F9EA8}.Debug|Any CPU.ActiveCfg = Debug|Any CPU
		{13AF5231-98CD-54D7-1CD0-1ACFF85F9EA8}.Debug|Any CPU.Build.0 = Debug|Any CPU
		{13AF5231-98CD-54D7-1CD0-1ACFF85F9EA8}.Release|Any CPU.ActiveCfg = Release|Any CPU
		{13AF5231-98CD-54D7-1CD0-1ACFF85F9EA8}.Release|Any CPU.Build.0 = Release|Any CPU
	EndGlobalSection
	GlobalSection(SolutionProperties) = preSolution
		HideSolutionNode = FALSE
	EndGlobalSection
																								GlobalSection(MonoDevelopProperties) = preSolution
		StartupItem = Assembly-CSharp.csproj
		Policies = $0
		$0.TextStylePolicy = $1
		$1.inheritsSet = null
		$1.scope = text/x-csharp
		$0.CSharpFormattingPolicy = $2
		$2.inheritsSet = Mono
		$2.inheritsScope = text/x-csharp
		$2.scope = text/x-csharp
		$0.TextStylePolicy = $3
		$3.FileWidth = 120
		$3.TabWidth = 4
		$3.EolMarker = Unix
		$3.inheritsSet = Mono
		$3.inheritsScope = text/plain
		$3.scope = text/plain
	EndGlobalSection

EndGlobal
